PODS:
  - "NSObject+Rx (4.4.1)":
    - RxSwift (~> 4.3)
  - RxCocoa (4.3.1):
    - RxSwift (~> 4.0)
  - RxSwift (4.3.1)
  - SwiftyJSON (4.2.0)

DEPENDENCIES:
  - "NSObject+Rx"
  - RxCocoa
  - RxSwift
  - SwiftyJSON

SPEC REPOS:
  https://github.com/cocoapods/specs.git:
    - "NSObject+Rx"
    - RxCocoa
    - RxSwift
    - SwiftyJSON

SPEC CHECKSUMS:
  "NSObject+Rx": 9884a92f19b610795c431e10b4e601913b59c9e9
  RxCocoa: 78763c7b07d02455598d9fc3c1ad091a28b73635
  RxSwift: fe0fd770a43acdb7d0a53da411c9b892e69bb6e4
  SwiftyJSON: c4bcba26dd9ec7a027fc8eade48e2c911f229e96

PODFILE CHECKSUM: 2263e747dd55ea1af1807a506ea0f887e741e992

COCOAPODS: 1.5.3
